Microsoft Visual Studio Solution File, Format Version 12.00
# Visual Studio Version 16
VisualStudioVersion = 16.0.0.0
MinimumVisualStudioVersion = 16.0.0.0
Project("{9A19103F-16F7-4668-BE54-9A1E7A4F7556}") = "TheDevTalkShow.Web", "TheDevTalkShow.Web\TheDevTalkShow.Web.csproj", "{84B10E6D-E1AC-4F52-A87D-18C7949844DC}"
EndProject
Project("{9A19103F-16F7-4668-BE54-9A1E7A4F7556}") = "TheDevTalkShow.Web.Client", "TheDevTalkShow.Web.Client\TheDevTalkShow.Web.Client.csproj", "{05E4880E-8FA3-4683-A4D4-08316D0565F2}"
EndProject
Global
	GlobalSection(SolutionConfigurationPlatforms) = preSolution
		Debug|Any CPU = Debug|Any CPU
		Debug|x64 = Debug|x64
		Debug|x86 = Debug|x86
		Release|Any CPU = Release|Any CPU
		Release|x64 = Release|x64
		Release|x86 = Release|x86
	EndGlobalSection
	GlobalSection(ProjectConfigurationPlatforms) = postSolution
		{05E4880E-8FA3-4683-A4D4-08316D0565F2}.Debug|Any CPU.ActiveCfg = Debug|Any CPU
		{05E4880E-8FA3-4683-A4D4-08316D0565F2}.Debug|Any CPU.Build.0 = Debug|Any CPU
		{05E4880E-8FA3-4683-A4D4-08316D0565F2}.Debug|x64.ActiveCfg = Debug|Any CPU
		{05E4880E-8FA3-4683-A4D4-08316D0565F2}.Debug|x64.Build.0 = Debug|Any CPU
		{05E4880E-8FA3-4683-A4D4-08316D0565F2}.Debug|x86.ActiveCfg = Debug|Any CPU
		{05E4880E-8FA3-4683-A4D4-08316D0565F2}.Debug|x86.Build.0 = Debug|Any CPU
		{05E4880E-8FA3-4683-A4D4-08316D0565F2}.Release|Any CPU.ActiveCfg = Release|Any CPU
		{05E4880E-8FA3-4683-A4D4-08316D0565F2}.Release|Any CPU.Build.0 = Release|Any CPU
		{05E4880E-8FA3-4683-A4D4-08316D0565F2}.Release|x64.ActiveCfg = Release|Any CPU
		{05E4880E-8FA3-4683-A4D4-08316D0565F2}.Release|x64.Build.0 = Release|Any CPU
		{05E4880E-8FA3-4683-A4D4-08316D0565F2}.Release|x86.ActiveCfg = Release|Any CPU
		{05E4880E-8FA3-4683-A4D4-08316D0565F2}.Release|x86.Build.0 = Release|Any CPU
		{84B10E6D-E1AC-4F52-A87D-18C7949844DC}.Debug|Any CPU.ActiveCfg = Debug|Any CPU
		{84B10E6D-E1AC-4F52-A87D-18C7949844DC}.Debug|Any CPU.Build.0 = Debug|Any CPU
		{84B10E6D-E1AC-4F52-A87D-18C7949844DC}.Debug|x64.ActiveCfg = Debug|Any CPU
		{84B10E6D-E1AC-4F52-A87D-18C7949844DC}.Debug|x64.Build.0 = Debug|Any CPU
		{84B10E6D-E1AC-4F52-A87D-18C7949844DC}.Debug|x86.ActiveCfg = Debug|Any CPU
		{84B10E6D-E1AC-4F52-A87D-18C7949844DC}.Debug|x86.Build.0 = Debug|Any CPU
		{84B10E6D-E1AC-4F52-A87D-18C7949844DC}.Release|Any CPU.ActiveCfg = Release|Any CPU
		{84B10E6D-E1AC-4F52-A87D-18C7949844DC}.Release|Any CPU.Build.0 = Release|Any CPU
		{84B10E6D-E1AC-4F52-A87D-18C7949844DC}.Release|x64.ActiveCfg = Release|Any CPU
		{84B10E6D-E1AC-4F52-A87D-18C7949844DC}.Release|x64.Build.0 = Release|Any CPU
		{84B10E6D-E1AC-4F52-A87D-18C7949844DC}.Release|x86.ActiveCfg = Release|Any CPU
		{84B10E6D-E1AC-4F52-A87D-18C7949844DC}.Release|x86.Build.0 = Release|Any CPU
	EndGlobalSection
	GlobalSection(SolutionProperties) = preSolution
		HideSolutionNode = FALSE
	EndGlobalSection
	GlobalSection(ExtensibilityGlobals) = postSolution
		SolutionGuid = {0BE44A37-361D-4E5D-8507-A3AB4462F504}
	EndGlobalSection
EndGlobal
